// !$*UTF8*$!
{
	archiveVersion = 1;
	classes = {
	};
	objectVersion = 56;
	objects = {

/* Begin PBXBuildFile section */
		66149D242A344C07001F8A4D /* DrawTogether.swift in Sources */ = {isa = PBXBuildFile; fileRef = 66149D202A344C07001F8A4D /* DrawTogether.swift */; };
		66149D252A344C07001F8A4D /* Stroke.swift in Sources */ = {isa = PBXBuildFile; fileRef = 66149D212A344C07001F8A4D /* Stroke.swift */; };
		66149D262A344C07001F8A4D /* Canvas.swift in Sources */ = {isa = PBXBuildFile; fileRef = 66149D222A344C07001F8A4D /* Canvas.swift */; };
		66149D272A344C07001F8A4D /* Messages.swift in Sources */ = {isa = PBXBuildFile; fileRef = 66149D232A344C07001F8A4D /* Messages.swift */; };
		66149D302A344CCB001F8A4D /* StrokeView.swift in Sources */ = {isa = PBXBuildFile; fileRef = 66149D2C2A344CCB001F8A4D /* StrokeView.swift */; };
		66149D312A344CCB001F8A4D /* CanvasView.swift in Sources */ = {isa = PBXBuildFile; fileRef = 66149D2D2A344CCB001F8A4D /* CanvasView.swift */; };
		66149D322A344CCB001F8A4D /* AnswerView.swift in Sources */ = {isa = PBXBuildFile; fileRef = 66149D2E2A344CCB001F8A4D /* AnswerView.swift */; };
		66149D332A344CCB001F8A4D /* TImerView.swift in Sources */ = {isa = PBXBuildFile; fileRef = 66149D2F2A344CCB001F8A4D /* TImerView.swift */; };
		66149D352A344CD7001F8A4D /* View in Resources */ = {isa = PBXBuildFile; fileRef = 66149D342A344CD7001F8A4D /* View */; };
		76F14E1C2A34259400B1CF3C /* SukGiSiDaeApp.swift in Sources */ = {isa = PBXBuildFile; fileRef = 76F14E1B2A34259400B1CF3C /* SukGiSiDaeApp.swift */; };
		76F14E1E2A34259400B1CF3C /* ContentView.swift in Sources */ = {isa = PBXBuildFile; fileRef = 76F14E1D2A34259400B1CF3C /* ContentView.swift */; };
		76F14E202A34259500B1CF3C /* Assets.xcassets in Resources */ = {isa = PBXBuildFile; fileRef = 76F14E1F2A34259500B1CF3C /* Assets.xcassets */; };
		76F14E232A34259500B1CF3C /* Preview Assets.xcassets in Resources */ = {isa = PBXBuildFile; fileRef = 76F14E222A34259500B1CF3C /* Preview Assets.xcassets */; };
		76F14E372A34537F00B1CF3C /* InputtedAnswerView.swift in Sources */ = {isa = PBXBuildFile; fileRef = 76F14E352A34537F00B1CF3C /* InputtedAnswerView.swift */; };
		76F14E382A34537F00B1CF3C /* AnswerInputTextField.swift in Sources */ = {isa = PBXBuildFile; fileRef = 76F14E362A34537F00B1CF3C /* AnswerInputTextField.swift */; };
		DEE0A4C72A34473400293C95 /* GameRepository.swift in Sources */ = {isa = PBXBuildFile; fileRef = DEE0A4C22A34473400293C95 /* GameRepository.swift */; };
		DEE0A4C82A34473400293C95 /* Game.swift in Sources */ = {isa = PBXBuildFile; fileRef = DEE0A4C42A34473400293C95 /* Game.swift */; };
		DEE0A4C92A34473400293C95 /* Database.swift in Sources */ = {isa = PBXBuildFile; fileRef = DEE0A4C62A34473400293C95 /* Database.swift */; };
/* End PBXBuildFile section */

/* Begin PBXFileReference section */
		66149D202A344C07001F8A4D /* DrawTogether.swift */ = {isa = PBXFileReference; fileEncoding = 4; lastKnownFileType = sourcecode.swift; path = DrawTogether.swift; sourceTree = "<group>"; };
		66149D212A344C07001F8A4D /* Stroke.swift */ = {isa = PBXFileReference; fileEncoding = 4; lastKnownFileType = sourcecode.swift; path = Stroke.swift; sourceTree = "<group>"; };
		66149D222A344C07001F8A4D /* Canvas.swift */ = {isa = PBXFileReference; fileEncoding = 4; lastKnownFileType = sourcecode.swift; path = Canvas.swift; sourceTree = "<group>"; };
		66149D232A344C07001F8A4D /* Messages.swift */ = {isa = PBXFileReference; fileEncoding = 4; lastKnownFileType = sourcecode.swift; path = Messages.swift; sourceTree = "<group>"; };
		66149D2C2A344CCB001F8A4D /* StrokeView.swift */ = {isa = PBXFileReference; fileEncoding = 4; lastKnownFileType = sourcecode.swift; name = StrokeView.swift; path = View/StrokeView.swift; sourceTree = "<group>"; };
		66149D2D2A344CCB001F8A4D /* CanvasView.swift */ = {isa = PBXFileReference; fileEncoding = 4; lastKnownFileType = sourcecode.swift; name = CanvasView.swift; path = View/CanvasView.swift; sourceTree = "<group>"; };
		66149D2E2A344CCB001F8A4D /* AnswerView.swift */ = {isa = PBXFileReference; fileEncoding = 4; lastKnownFileType = sourcecode.swift; name = AnswerView.swift; path = View/AnswerView.swift; sourceTree = "<group>"; };
		66149D2F2A344CCB001F8A4D /* TImerView.swift */ = {isa = PBXFileReference; fileEncoding = 4; lastKnownFileType = sourcecode.swift; name = TImerView.swift; path = View/TImerView.swift; sourceTree = "<group>"; };
		66149D342A344CD7001F8A4D /* View */ = {isa = PBXFileReference; lastKnownFileType = folder; path = View; sourceTree = "<group>"; };
		76F14E182A34259400B1CF3C /* SukGiSiDae.app */ = {isa = PBXFileReference; explicitFileType = wrapper.application; includeInIndex = 0; path = SukGiSiDae.app; sourceTree = BUILT_PRODUCTS_DIR; };
		76F14E1B2A34259400B1CF3C /* SukGiSiDaeApp.swift */ = {isa = PBXFileReference; lastKnownFileType = sourcecode.swift; path = SukGiSiDaeApp.swift; sourceTree = "<group>"; };
		76F14E1D2A34259400B1CF3C /* ContentView.swift */ = {isa = PBXFileReference; lastKnownFileType = sourcecode.swift; path = ContentView.swift; sourceTree = "<group>"; };
		76F14E1F2A34259500B1CF3C /* Assets.xcassets */ = {isa = PBXFileReference; lastKnownFileType = folder.assetcatalog; path = Assets.xcassets; sourceTree = "<group>"; };
		76F14E222A34259500B1CF3C /* Preview Assets.xcassets */ = {isa = PBXFileReference; lastKnownFileType = folder.assetcatalog; path = "Preview Assets.xcassets"; sourceTree = "<group>"; };
		76F14E352A34537F00B1CF3C /* InputtedAnswerView.swift */ = {isa = PBXFileReference; fileEncoding = 4; lastKnownFileType = sourcecode.swift; name = InputtedAnswerView.swift; path = SukGiSiDae/Scene/Main/InputtedAnswerView.swift; sourceTree = SOURCE_ROOT; };
		76F14E362A34537F00B1CF3C /* AnswerInputTextField.swift */ = {isa = PBXFileReference; fileEncoding = 4; lastKnownFileType = sourcecode.swift; name = AnswerInputTextField.swift; path = SukGiSiDae/Scene/Main/AnswerInputTextField.swift; sourceTree = SOURCE_ROOT; };
		DEE0A4C22A34473400293C95 /* GameRepository.swift */ = {isa = PBXFileReference; fileEncoding = 4; lastKnownFileType = sourcecode.swift; path = GameRepository.swift; sourceTree = "<group>"; };
		DEE0A4C42A34473400293C95 /* Game.swift */ = {isa = PBXFileReference; fileEncoding = 4; lastKnownFileType = sourcecode.swift; path = Game.swift; sourceTree = "<group>"; };
		DEE0A4C62A34473400293C95 /* Database.swift */ = {isa = PBXFileReference; fileEncoding = 4; lastKnownFileType = sourcecode.swift; path = Database.swift; sourceTree = "<group>"; };
/* End PBXFileReference section */

/* Begin PBXFrameworksBuildPhase section */
		76F14E152A34259400B1CF3C /* Frameworks */ = {
			isa = PBXFrameworksBuildPhase;
			buildActionMask = 2147483647;
			files = (
			);
			runOnlyForDeploymentPostprocessing = 0;
		};
/* End PBXFrameworksBuildPhase section */

/* Begin PBXGroup section */
		66149D1F2A344BE6001F8A4D /* New Group */ = {
			isa = PBXGroup;
			children = (
				DE6FD56F2A343151003BAAA3 /* Scene */,
			);
			path = "New Group";
			sourceTree = "<group>";
		};
		76F14E0F2A34259400B1CF3C = {
			isa = PBXGroup;
			children = (
				76F14E1A2A34259400B1CF3C /* SukGiSiDae */,
				76F14E192A34259400B1CF3C /* Products */,
			);
			sourceTree = "<group>";
		};
		76F14E192A34259400B1CF3C /* Products */ = {
			isa = PBXGroup;
			children = (
				76F14E182A34259400B1CF3C /* SukGiSiDae.app */,
			);
			name = Products;
			sourceTree = "<group>";
		};
		76F14E1A2A34259400B1CF3C /* SukGiSiDae */ = {
			isa = PBXGroup;
			children = (
				66149D1F2A344BE6001F8A4D /* New Group */,
				DEE0A4C52A34473400293C95 /* Database */,
				DEE0A4C32A34473400293C95 /* Model */,
				DEE0A4C12A34473400293C95 /* Repository */,
				76F14E1F2A34259500B1CF3C /* Assets.xcassets */,
				76F14E212A34259500B1CF3C /* Preview Content */,
			);
			path = SukGiSiDae;
			sourceTree = "<group>";
		};
		76F14E212A34259500B1CF3C /* Preview Content */ = {
			isa = PBXGroup;
			children = (
				76F14E222A34259500B1CF3C /* Preview Assets.xcassets */,
			);
			path = "Preview Content";
			sourceTree = "<group>";
		};
		DE6FD56F2A343151003BAAA3 /* Scene */ = {
			isa = PBXGroup;
			children = (
				66149D342A344CD7001F8A4D /* View */,
				66149D2E2A344CCB001F8A4D /* AnswerView.swift */,
				66149D2D2A344CCB001F8A4D /* CanvasView.swift */,
				66149D2C2A344CCB001F8A4D /* StrokeView.swift */,
				66149D2F2A344CCB001F8A4D /* TImerView.swift */,
				DE6FD5702A343155003BAAA3 /* Main */,
				76F14E1B2A34259400B1CF3C /* SukGiSiDaeApp.swift */,
			);
			path = Scene;
			sourceTree = "<group>";
		};
		DE6FD5702A343155003BAAA3 /* Main */ = {
			isa = PBXGroup;
			children = (
				76F14E362A34537F00B1CF3C /* AnswerInputTextField.swift */,
				76F14E352A34537F00B1CF3C /* InputtedAnswerView.swift */,
				76F14E1D2A34259400B1CF3C /* ContentView.swift */,
			);
			path = Main;
			sourceTree = "<group>";
		};
		DEE0A4C12A34473400293C95 /* Repository */ = {
			isa = PBXGroup;
			children = (
				DEE0A4C22A34473400293C95 /* GameRepository.swift */,
			);
			name = Repository;
			path = SukGiSiDae/Repository;
			sourceTree = SOURCE_ROOT;
		};
		DEE0A4C32A34473400293C95 /* Model */ = {
			isa = PBXGroup;
			children = (
				66149D222A344C07001F8A4D /* Canvas.swift */,
				66149D202A344C07001F8A4D /* DrawTogether.swift */,
				66149D232A344C07001F8A4D /* Messages.swift */,
				66149D212A344C07001F8A4D /* Stroke.swift */,
				DEE0A4C42A34473400293C95 /* Game.swift */,
			);
			name = Model;
			path = SukGiSiDae/Model;
			sourceTree = SOURCE_ROOT;
		};
		DEE0A4C52A34473400293C95 /* Database */ = {
			isa = PBXGroup;
			children = (
				DEE0A4C62A34473400293C95 /* Database.swift */,
			);
			name = Database;
			path = SukGiSiDae/Database;
			sourceTree = SOURCE_ROOT;
		};
/* End PBXGroup section */

/* Begin PBXNativeTarget section */
		76F14E172A34259400B1CF3C /* SukGiSiDae */ = {
			isa = PBXNativeTarget;
			buildConfigurationList = 76F14E262A34259500B1CF3C /* Build configuration list for PBXNativeTarget "SukGiSiDae" */;
			buildPhases = (
				76F14E142A34259400B1CF3C /* Sources */,
				76F14E152A34259400B1CF3C /* Frameworks */,
				76F14E162A34259400B1CF3C /* Resources */,
			);
			buildRules = (
			);
			dependencies = (
			);
			name = SukGiSiDae;
			productName = SukGiSiDae;
			productReference = 76F14E182A34259400B1CF3C /* SukGiSiDae.app */;
			productType = "com.apple.product-type.application";
		};
/* End PBXNativeTarget section */

/* Begin PBXProject section */
		76F14E102A34259400B1CF3C /* Project object */ = {
			isa = PBXProject;
			attributes = {
				BuildIndependentTargetsInParallel = 1;
				LastSwiftUpdateCheck = 1500;
				LastUpgradeCheck = 1500;
				TargetAttributes = {
					76F14E172A34259400B1CF3C = {
						CreatedOnToolsVersion = 15.0;
					};
				};
			};
			buildConfigurationList = 76F14E132A34259400B1CF3C /* Build configuration list for PBXProject "SukGiSiDae" */;
			compatibilityVersion = "Xcode 14.0";
			developmentRegion = en;
			hasScannedForEncodings = 0;
			knownRegions = (
				en,
				Base,
			);
			mainGroup = 76F14E0F2A34259400B1CF3C;
			productRefGroup = 76F14E192A34259400B1CF3C /* Products */;
			projectDirPath = "";
			projectRoot = "";
			targets = (
				76F14E172A34259400B1CF3C /* SukGiSiDae */,
			);
		};
/* End PBXProject section */

/* Begin PBXResourcesBuildPhase section */
		76F14E162A34259400B1CF3C /* Resources */ = {
			isa = PBXResourcesBuildPhase;
			buildActionMask = 2147483647;
			files = (
				76F14E232A34259500B1CF3C /* Preview Assets.xcassets in Resources */,
				76F14E202A34259500B1CF3C /* Assets.xcassets in Resources */,
				66149D352A344CD7001F8A4D /* View in Resources */,
			);
			runOnlyForDeploymentPostprocessing = 0;
		};
/* End PBXResourcesBuildPhase section */

/* Begin PBXSourcesBuildPhase section */
		76F14E142A34259400B1CF3C /* Sources */ = {
			isa = PBXSourcesBuildPhase;
			buildActionMask = 2147483647;
			files = (
				DEE0A4C72A34473400293C95 /* GameRepository.swift in Sources */,
				76F14E1E2A34259400B1CF3C /* ContentView.swift in Sources */,
				76F14E1C2A34259400B1CF3C /* SukGiSiDaeApp.swift in Sources */,
				DEE0A4C92A34473400293C95 /* Database.swift in Sources */,
				66149D322A344CCB001F8A4D /* AnswerView.swift in Sources */,
				66149D302A344CCB001F8A4D /* StrokeView.swift in Sources */,
				76F14E1C2A34259400B1CF3C /* SukGiSiDaeApp.swift in Sources */,
				DEE0A4C92A34473400293C95 /* Database.swift in Sources */,
				66149D262A344C07001F8A4D /* Canvas.swift in Sources */,
				76F14E372A34537F00B1CF3C /* InputtedAnswerView.swift in Sources */,
				66149D242A344C07001F8A4D /* DrawTogether.swift in Sources */,
				66149D332A344CCB001F8A4D /* TImerView.swift in Sources */,
				76F14E382A34537F00B1CF3C /* AnswerInputTextField.swift in Sources */,
				66149D272A344C07001F8A4D /* Messages.swift in Sources */,
				66149D312A344CCB001F8A4D /* CanvasView.swift in Sources */,
				DEE0A4C82A34473400293C95 /* Game.swift in Sources */,
				66149D252A344C07001F8A4D /* Stroke.swift in Sources */,
			);
			runOnlyForDeploymentPostprocessing = 0;
		};
/* End PBXSourcesBuildPhase section */

/* Begin XCBuildConfiguration section */
		76F14E242A34259500B1CF3C /* Debug */ = {
			isa = XCBuildConfiguration;
			buildSettings = {
				ALWAYS_SEARCH_USER_PATHS = NO;
				ASSETCATALOG_COMPILER_GENERATE_SWIFT_ASSET_SYMBOL_EXTENSIONS = YES;
				CLANG_ANALYZER_NONNULL = YES;
				CLANG_ANALYZER_NUMBER_OBJECT_CONVERSION = YES_AGGRESSIVE;
				CLANG_CXX_LANGUAGE_STANDARD = "gnu++20";
				CLANG_ENABLE_MODULES = YES;
				CLANG_ENABLE_OBJC_ARC = YES;
				CLANG_ENABLE_OBJC_WEAK = YES;
				CLANG_WARN_BLOCK_CAPTURE_AUTORELEASING = YES;
				CLANG_WARN_BOOL_CONVERSION = YES;
				CLANG_WARN_COMMA = YES;
				CLANG_WARN_CONSTANT_CONVERSION = YES;
				CLANG_WARN_DEPRECATED_OBJC_IMPLEMENTATIONS = YES;
				CLANG_WARN_DIRECT_OBJC_ISA_USAGE = YES_ERROR;
				CLANG_WARN_DOCUMENTATION_COMMENTS = YES;
				CLANG_WARN_EMPTY_BODY = YES;
				CLANG_WARN_ENUM_CONVERSION = YES;
				CLANG_WARN_INFINITE_RECURSION = YES;
				CLANG_WARN_INT_CONVERSION = YES;
				CLANG_WARN_NON_LITERAL_NULL_CONVERSION = YES;
				CLANG_WARN_OBJC_IMPLICIT_RETAIN_SELF = YES;
				CLANG_WARN_OBJC_LITERAL_CONVERSION = YES;
				CLANG_WARN_OBJC_ROOT_CLASS = YES_ERROR;
				CLANG_WARN_QUOTED_INCLUDE_IN_FRAMEWORK_HEADER = YES;
				CLANG_WARN_RANGE_LOOP_ANALYSIS = YES;
				CLANG_WARN_STRICT_PROTOTYPES = YES;
				CLANG_WARN_SUSPICIOUS_MOVE = YES;
				CLANG_WARN_UNGUARDED_AVAILABILITY = YES_AGGRESSIVE;
				CLANG_WARN_UNREACHABLE_CODE = YES;
				CLANG_WARN__DUPLICATE_METHOD_MATCH = YES;
				COPY_PHASE_STRIP = NO;
				DEBUG_INFORMATION_FORMAT = dwarf;
				ENABLE_STRICT_OBJC_MSGSEND = YES;
				ENABLE_TESTABILITY = YES;
				ENABLE_USER_SCRIPT_SANDBOXING = YES;
				GCC_C_LANGUAGE_STANDARD = gnu17;
				GCC_DYNAMIC_NO_PIC = NO;
				GCC_NO_COMMON_BLOCKS = YES;
				GCC_OPTIMIZATION_LEVEL = 0;
				GCC_PREPROCESSOR_DEFINITIONS = (
					"DEBUG=1",
					"$(inherited)",
				);
				GCC_WARN_64_TO_32_BIT_CONVERSION = YES;
				GCC_WARN_ABOUT_RETURN_TYPE = YES_ERROR;
				GCC_WARN_UNDECLARED_SELECTOR = YES;
				GCC_WARN_UNINITIALIZED_AUTOS = YES_AGGRESSIVE;
				GCC_WARN_UNUSED_FUNCTION = YES;
				GCC_WARN_UNUSED_VARIABLE = YES;
				IPHONEOS_DEPLOYMENT_TARGET = 17.0;
				LOCALIZATION_PREFERS_STRING_CATALOGS = YES;
				MTL_ENABLE_DEBUG_INFO = INCLUDE_SOURCE;
				MTL_FAST_MATH = YES;
				ONLY_ACTIVE_ARCH = YES;
				SDKROOT = iphoneos;
				SWIFT_ACTIVE_COMPILATION_CONDITIONS = "DEBUG $(inherited)";
				SWIFT_OPTIMIZATION_LEVEL = "-Onone";
			};
			name = Debug;
		};
		76F14E252A34259500B1CF3C /* Release */ = {
			isa = XCBuildConfiguration;
			buildSettings = {
				ALWAYS_SEARCH_USER_PATHS = NO;
				ASSETCATALOG_COMPILER_GENERATE_SWIFT_ASSET_SYMBOL_EXTENSIONS = YES;
				CLANG_ANALYZER_NONNULL = YES;
				CLANG_ANALYZER_NUMBER_OBJECT_CONVERSION = YES_AGGRESSIVE;
				CLANG_CXX_LANGUAGE_STANDARD = "gnu++20";
				CLANG_ENABLE_MODULES = YES;
				CLANG_ENABLE_OBJC_ARC = YES;
				CLANG_ENABLE_OBJC_WEAK = YES;
				CLANG_WARN_BLOCK_CAPTURE_AUTORELEASING = YES;
				CLANG_WARN_BOOL_CONVERSION = YES;
				CLANG_WARN_COMMA = YES;
				CLANG_WARN_CONSTANT_CONVERSION = YES;
				CLANG_WARN_DEPRECATED_OBJC_IMPLEMENTATIONS = YES;
				CLANG_WARN_DIRECT_OBJC_ISA_USAGE = YES_ERROR;
				CLANG_WARN_DOCUMENTATION_COMMENTS = YES;
				CLANG_WARN_EMPTY_BODY = YES;
				CLANG_WARN_ENUM_CONVERSION = YES;
				CLANG_WARN_INFINITE_RECURSION = YES;
				CLANG_WARN_INT_CONVERSION = YES;
				CLANG_WARN_NON_LITERAL_NULL_CONVERSION = YES;
				CLANG_WARN_OBJC_IMPLICIT_RETAIN_SELF = YES;
				CLANG_WARN_OBJC_LITERAL_CONVERSION = YES;
				CLANG_WARN_OBJC_ROOT_CLASS = YES_ERROR;
				CLANG_WARN_QUOTED_INCLUDE_IN_FRAMEWORK_HEADER = YES;
				CLANG_WARN_RANGE_LOOP_ANALYSIS = YES;
				CLANG_WARN_STRICT_PROTOTYPES = YES;
				CLANG_WARN_SUSPICIOUS_MOVE = YES;
				CLANG_WARN_UNGUARDED_AVAILABILITY = YES_AGGRESSIVE;
				CLANG_WARN_UNREACHABLE_CODE = YES;
				CLANG_WARN__DUPLICATE_METHOD_MATCH = YES;
				COPY_PHASE_STRIP = NO;
				DEBUG_INFORMATION_FORMAT = "dwarf-with-dsym";
				ENABLE_NS_ASSERTIONS = NO;
				ENABLE_STRICT_OBJC_MSGSEND = YES;
				ENABLE_USER_SCRIPT_SANDBOXING = YES;
				GCC_C_LANGUAGE_STANDARD = gnu17;
				GCC_NO_COMMON_BLOCKS = YES;
				GCC_WARN_64_TO_32_BIT_CONVERSION = YES;
				GCC_WARN_ABOUT_RETURN_TYPE = YES_ERROR;
				GCC_WARN_UNDECLARED_SELECTOR = YES;
				GCC_WARN_UNINITIALIZED_AUTOS = YES_AGGRESSIVE;
				GCC_WARN_UNUSED_FUNCTION = YES;
				GCC_WARN_UNUSED_VARIABLE = YES;
				IPHONEOS_DEPLOYMENT_TARGET = 17.0;
				LOCALIZATION_PREFERS_STRING_CATALOGS = YES;
				MTL_ENABLE_DEBUG_INFO = NO;
				MTL_FAST_MATH = YES;
				SDKROOT = iphoneos;
				SWIFT_COMPILATION_MODE = wholemodule;
				VALIDATE_PRODUCT = YES;
			};
			name = Release;
		};
		76F14E272A34259500B1CF3C /* Debug */ = {
			isa = XCBuildConfiguration;
			buildSettings = {
				ASSETCATALOG_COMPILER_APPICON_NAME = AppIcon;
				ASSETCATALOG_COMPILER_GLOBAL_ACCENT_COLOR_NAME = AccentColor;
				CODE_SIGN_STYLE = Automatic;
				CURRENT_PROJECT_VERSION = 1;
				DEVELOPMENT_ASSET_PATHS = "\"SukGiSiDae/Preview Content\"";
				DEVELOPMENT_TEAM = "";
				ENABLE_PREVIEWS = YES;
				GENERATE_INFOPLIST_FILE = YES;
				INFOPLIST_KEY_UIApplicationSceneManifest_Generation = YES;
				INFOPLIST_KEY_UIApplicationSupportsIndirectInputEvents = YES;
				INFOPLIST_KEY_UILaunchScreen_Generation = YES;
				INFOPLIST_KEY_UISupportedInterfaceOrientations_iPad = "UIInterfaceOrientationPortrait UIInterfaceOrientationPortraitUpsideDown UIInterfaceOrientationLandscapeLeft UIInterfaceOrientationLandscapeRight";
				INFOPLIST_KEY_UISupportedInterfaceOrientations_iPhone = "UIInterfaceOrientationPortrait UIInterfaceOrientationLandscapeLeft UIInterfaceOrientationLandscapeRight";
				LD_RUNPATH_SEARCH_PATHS = (
					"$(inherited)",
					"@executable_path/Frameworks",
				);
				MARKETING_VERSION = 1.0;
				PRODUCT_BUNDLE_IDENTIFIER = com.letusgo.team8.SukGiSiDae;
				PRODUCT_NAME = "$(TARGET_NAME)";
				SWIFT_EMIT_LOC_STRINGS = YES;
				SWIFT_VERSION = 5.0;
				TARGETED_DEVICE_FAMILY = "1,2";
			};
			name = Debug;
		};
		76F14E282A34259500B1CF3C /* Release */ = {
			isa = XCBuildConfiguration;
			buildSettings = {
				ASSETCATALOG_COMPILER_APPICON_NAME = AppIcon;
				ASSETCATALOG_COMPILER_GLOBAL_ACCENT_COLOR_NAME = AccentColor;
				CODE_SIGN_STYLE = Automatic;
				CURRENT_PROJECT_VERSION = 1;
				DEVELOPMENT_ASSET_PATHS = "\"SukGiSiDae/Preview Content\"";
				DEVELOPMENT_TEAM = "";
				ENABLE_PREVIEWS = YES;
				GENERATE_INFOPLIST_FILE = YES;
				INFOPLIST_KEY_UIApplicationSceneManifest_Generation = YES;
				INFOPLIST_KEY_UIApplicationSupportsIndirectInputEvents = YES;
				INFOPLIST_KEY_UILaunchScreen_Generation = YES;
				INFOPLIST_KEY_UISupportedInterfaceOrientations_iPad = "UIInterfaceOrientationPortrait UIInterfaceOrientationPortraitUpsideDown UIInterfaceOrientationLandscapeLeft UIInterfaceOrientationLandscapeRight";
				INFOPLIST_KEY_UISupportedInterfaceOrientations_iPhone = "UIInterfaceOrientationPortrait UIInterfaceOrientationLandscapeLeft UIInterfaceOrientationLandscapeRight";
				LD_RUNPATH_SEARCH_PATHS = (
					"$(inherited)",
					"@executable_path/Frameworks",
				);
				MARKETING_VERSION = 1.0;
				PRODUCT_BUNDLE_IDENTIFIER = com.letusgo.team8.SukGiSiDae;
				PRODUCT_NAME = "$(TARGET_NAME)";
				SWIFT_EMIT_LOC_STRINGS = YES;
				SWIFT_VERSION = 5.0;
				TARGETED_DEVICE_FAMILY = "1,2";
			};
			name = Release;
		};
/* End XCBuildConfiguration section */

/* Begin XCConfigurationList section */
		76F14E132A34259400B1CF3C /* Build configuration list for PBXProject "SukGiSiDae" */ = {
			isa = XCConfigurationList;
			buildConfigurations = (
				76F14E242A34259500B1CF3C /* Debug */,
				76F14E252A34259500B1CF3C /* Release */,
			);
			defaultConfigurationIsVisible = 0;
			defaultConfigurationName = Release;
		};
		76F14E262A34259500B1CF3C /* Build configuration list for PBXNativeTarget "SukGiSiDae" */ = {
			isa = XCConfigurationList;
			buildConfigurations = (
				76F14E272A34259500B1CF3C /* Debug */,
				76F14E282A34259500B1CF3C /* Release */,
			);
			defaultConfigurationIsVisible = 0;
			defaultConfigurationName = Release;
		};
/* End XCConfigurationList section */
	};
	rootObject = 76F14E102A34259400B1CF3C /* Project object */;
}
